
Microsoft Visual Studio Solution File, Format Version 12.00
# Visual Studio 15
Project("{FAE04EC0-301F-11D3-BF4B-00C04F79EFBC}") = "domaci", "domaci\domaci.csproj", "{B6F16004-BC4A-4CCC-8DA3-C3B5154F6770}"
EndProject
Project("{FAE04EC0-301F-11D3-BF4B-00C04F79EFBC}") = "domaci.Tests", "domaci.Tests\domaci.Tests.csproj", "{187093E2-3CA5-4B44-97AB-7BE353F2CB1B}"
EndProject
Global
	GlobalSection(SolutionConfigurationPlatforms) = preSolution
		Debug|Any CPU = Debug|Any CPU
		Release|Any CPU = Release|Any CPU
	EndGlobalSection
	GlobalSection(ProjectConfigurationPlatforms) = postSolution
		{B6F16004-BC4A-4CCC-8DA3-C3B5154F6770}.Debug|Any CPU.ActiveCfg = Debug|Any CPU
		{B6F16004-BC4A-4CCC-8DA3-C3B5154F6770}.Debug|Any CPU.Build.0 = Debug|Any CPU
		{B6F16004-BC4A-4CCC-8DA3-C3B5154F6770}.Release|Any CPU.ActiveCfg = Release|Any CPU
		{B6F16004-BC4A-4CCC-8DA3-C3B5154F6770}.Release|Any CPU.Build.0 = Release|Any CPU
		{187093E2-3CA5-4B44-97AB-7BE353F2CB1B}.Debug|Any CPU.ActiveCfg = Debug|Any CPU
		{187093E2-3CA5-4B44-97AB-7BE353F2CB1B}.Debug|Any CPU.Build.0 = Debug|Any CPU
		{187093E2-3CA5-4B44-97AB-7BE353F2CB1B}.Release|Any CPU.ActiveCfg = Release|Any CPU
		{187093E2-3CA5-4B44-97AB-7BE353F2CB1B}.Release|Any CPU.Build.0 = Release|Any CPU
	EndGlobalSection
EndGlobal
